// !$*UTF8*$!
{
	archiveVersion = 1;
	classes = {
	};
	objectVersion = 56;
	objects = {

/* Begin PBXBuildFile section */
		470170092944B2FB00E29426 /* ProductDetailVM.swift in Sources */ = {isa = PBXBuildFile; fileRef = 470170082944B2FB00E29426 /* ProductDetailVM.swift */; };
		4701700B2944C8AD00E29426 /* FilterVM.swift in Sources */ = {isa = PBXBuildFile; fileRef = 4701700A2944C8AD00E29426 /* FilterVM.swift */; };
		4701700D2944CBFF00E29426 /* MyCartVM.swift in Sources */ = {isa = PBXBuildFile; fileRef = 4701700C2944CBFF00E29426 /* MyCartVM.swift */; };
		4703B54C293E168200B9B0D4 /* Logo.swift in Sources */ = {isa = PBXBuildFile; fileRef = 4703B54B293E168200B9B0D4 /* Logo.swift */; };
		4703B54E293E257D00B9B0D4 /* AddToCartPlate.swift in Sources */ = {isa = PBXBuildFile; fileRef = 4703B54D293E257D00B9B0D4 /* AddToCartPlate.swift */; };
		4738643F293D98C900AA773F /* SearchBar.swift in Sources */ = {isa = PBXBuildFile; fileRef = 4738643E293D98C900AA773F /* SearchBar.swift */; };
		4753E8E0293B9D7100F7A79B /* MainView.swift in Sources */ = {isa = PBXBuildFile; fileRef = 4753E8DF293B9D7100F7A79B /* MainView.swift */; };
		4753E8E2293B9E1700F7A79B /* Favorite.swift in Sources */ = {isa = PBXBuildFile; fileRef = 4753E8E1293B9E1700F7A79B /* Favorite.swift */; };
		4753E8E4293B9E5A00F7A79B /* Profile.swift in Sources */ = {isa = PBXBuildFile; fileRef = 4753E8E3293B9E5A00F7A79B /* Profile.swift */; };
		4753E8E6293BD2E600F7A79B /* FilterOptions.swift in Sources */ = {isa = PBXBuildFile; fileRef = 4753E8E5293BD2E600F7A79B /* FilterOptions.swift */; };
		475E4369293A2C9E00F903A6 /* StoreApp.swift in Sources */ = {isa = PBXBuildFile; fileRef = 475E4368293A2C9E00F903A6 /* StoreApp.swift */; };
		475E436B293A2C9E00F903A6 /* ContentView.swift in Sources */ = {isa = PBXBuildFile; fileRef = 475E436A293A2C9E00F903A6 /* ContentView.swift */; };
		475E436D293A2C9F00F903A6 /* Assets.xcassets in Resources */ = {isa = PBXBuildFile; fileRef = 475E436C293A2C9F00F903A6 /* Assets.xcassets */; };
		475E4370293A2C9F00F903A6 /* Preview Assets.xcassets in Resources */ = {isa = PBXBuildFile; fileRef = 475E436F293A2C9F00F903A6 /* Preview Assets.xcassets */; };
		475E4377293A2CB100F903A6 /* Model.swift in Sources */ = {isa = PBXBuildFile; fileRef = 475E4376293A2CB100F903A6 /* Model.swift */; };
		475E4379293A2CBC00F903A6 /* ViewModel.swift in Sources */ = {isa = PBXBuildFile; fileRef = 475E4378293A2CBC00F903A6 /* ViewModel.swift */; };
		475E437E293A55FB00F903A6 /* HotSalesView.swift in Sources */ = {isa = PBXBuildFile; fileRef = 475E437D293A55FB00F903A6 /* HotSalesView.swift */; };
		475E4380293A77DC00F903A6 /* SelectCategoryView.swift in Sources */ = {isa = PBXBuildFile; fileRef = 475E437F293A77DC00F903A6 /* SelectCategoryView.swift */; };
		475E4382293A781B00F903A6 /* BestSellerView.swift in Sources */ = {isa = PBXBuildFile; fileRef = 475E4381293A781B00F903A6 /* BestSellerView.swift */; };
		475E4384293A795600F903A6 /* PlateForBestSellerView.swift in Sources */ = {isa = PBXBuildFile; fileRef = 475E4383293A795600F903A6 /* PlateForBestSellerView.swift */; };
		475E4388293A9B7800F903A6 /* ProductDetail.swift in Sources */ = {isa = PBXBuildFile; fileRef = 475E4387293A9B7800F903A6 /* ProductDetail.swift */; };
		475E438A293A9E1400F903A6 /* MyCartView.swift in Sources */ = {isa = PBXBuildFile; fileRef = 475E4389293A9E1400F903A6 /* MyCartView.swift */; };
		47742E562941A79800555C1A /* PlateForMyCart.swift in Sources */ = {isa = PBXBuildFile; fileRef = 47742E552941A79800555C1A /* PlateForMyCart.swift */; };
		478737E029435F5100F74374 /* Mark-Pro.ttf in Resources */ = {isa = PBXBuildFile; fileRef = 478737DF29435F5100F74374 /* Mark-Pro.ttf */; };
		478737E229435F6C00F74374 /* MarkPro-Bold.ttf in Resources */ = {isa = PBXBuildFile; fileRef = 478737E129435F6C00F74374 /* MarkPro-Bold.ttf */; };
		478737E529435FD400F74374 /* MarkPro-Medium.ttf in Resources */ = {isa = PBXBuildFile; fileRef = 478737E429435FD400F74374 /* MarkPro-Medium.ttf */; };
		478737E729435FDD00F74374 /* MarkPro-Regular.ttf in Resources */ = {isa = PBXBuildFile; fileRef = 478737E629435FDD00F74374 /* MarkPro-Regular.ttf */; };
		478737EA294361A100F74374 /* MarkPro-Heavy.ttf in Resources */ = {isa = PBXBuildFile; fileRef = 478737E9294361A100F74374 /* MarkPro-Heavy.ttf */; };
		478737EC29436A4E00F74374 /* SFProDisplay-Regular.ttf in Resources */ = {isa = PBXBuildFile; fileRef = 478737EB29436A4D00F74374 /* SFProDisplay-Regular.ttf */; };
		478737EE29436A5600F74374 /* SFProDisplay-Bold.ttf in Resources */ = {isa = PBXBuildFile; fileRef = 478737ED29436A5600F74374 /* SFProDisplay-Bold.ttf */; };
		478737F029439B8300F74374 /* GetImagesForHotSales.swift in Sources */ = {isa = PBXBuildFile; fileRef = 478737EF29439B8300F74374 /* GetImagesForHotSales.swift */; };
		47961159293D2CAC0098666A /* AllModelList.swift in Sources */ = {isa = PBXBuildFile; fileRef = 47961158293D2CAC0098666A /* AllModelList.swift */; };
		4796D03C2949B67C00A2342C /* ProgressLine.swift in Sources */ = {isa = PBXBuildFile; fileRef = 4796D03B2949B67C00A2342C /* ProgressLine.swift */; };
		47AE5480293E0C56000ECA4B /* GetImagesForProductDetail.swift in Sources */ = {isa = PBXBuildFile; fileRef = 47AE547F293E0C56000ECA4B /* GetImagesForProductDetail.swift */; };
		47C8FC1C2948E01C006ED70B /* CacheManager.swift in Sources */ = {isa = PBXBuildFile; fileRef = 47C8FC1B2948E01C006ED70B /* CacheManager.swift */; };
/* End PBXBuildFile section */

/* Begin PBXFileReference section */
		470170082944B2FB00E29426 /* ProductDetailVM.swift */ = {isa = PBXFileReference; lastKnownFileType = sourcecode.swift; path = ProductDetailVM.swift; sourceTree = "<group>"; };
		4701700A2944C8AD00E29426 /* FilterVM.swift */ = {isa = PBXFileReference; lastKnownFileType = sourcecode.swift; path = FilterVM.swift; sourceTree = "<group>"; };
		4701700C2944CBFF00E29426 /* MyCartVM.swift */ = {isa = PBXFileReference; lastKnownFileType = sourcecode.swift; path = MyCartVM.swift; sourceTree = "<group>"; };
		4703B54B293E168200B9B0D4 /* Logo.swift */ = {isa = PBXFileReference; lastKnownFileType = sourcecode.swift; path = Logo.swift; sourceTree = "<group>"; };
		4703B54D293E257D00B9B0D4 /* AddToCartPlate.swift */ = {isa = PBXFileReference; lastKnownFileType = sourcecode.swift; path = AddToCartPlate.swift; sourceTree = "<group>"; };
		4738643E293D98C900AA773F /* SearchBar.swift */ = {isa = PBXFileReference; lastKnownFileType = sourcecode.swift; path = SearchBar.swift; sourceTree = "<group>"; };
		4753E8DF293B9D7100F7A79B /* MainView.swift */ = {isa = PBXFileReference; lastKnownFileType = sourcecode.swift; path = MainView.swift; sourceTree = "<group>"; };
		4753E8E1293B9E1700F7A79B /* Favorite.swift */ = {isa = PBXFileReference; lastKnownFileType = sourcecode.swift; path = Favorite.swift; sourceTree = "<group>"; };
		4753E8E3293B9E5A00F7A79B /* Profile.swift */ = {isa = PBXFileReference; lastKnownFileType = sourcecode.swift; path = Profile.swift; sourceTree = "<group>"; };
		4753E8E5293BD2E600F7A79B /* FilterOptions.swift */ = {isa = PBXFileReference; lastKnownFileType = sourcecode.swift; path = FilterOptions.swift; sourceTree = "<group>"; };
		475E4365293A2C9E00F903A6 /* Store.app */ = {isa = PBXFileReference; explicitFileType = wrapper.application; includeInIndex = 0; path = Store.app; sourceTree = BUILT_PRODUCTS_DIR; };
		475E4368293A2C9E00F903A6 /* StoreApp.swift */ = {isa = PBXFileReference; lastKnownFileType = sourcecode.swift; path = StoreApp.swift; sourceTree = "<group>"; };
		475E436A293A2C9E00F903A6 /* ContentView.swift */ = {isa = PBXFileReference; lastKnownFileType = sourcecode.swift; path = ContentView.swift; sourceTree = "<group>"; };
		475E436C293A2C9F00F903A6 /* Assets.xcassets */ = {isa = PBXFileReference; lastKnownFileType = folder.assetcatalog; path = Assets.xcassets; sourceTree = "<group>"; };
		475E436F293A2C9F00F903A6 /* Preview Assets.xcassets */ = {isa = PBXFileReference; lastKnownFileType = folder.assetcatalog; path = "Preview Assets.xcassets"; sourceTree = "<group>"; };
		475E4376293A2CB100F903A6 /* Model.swift */ = {isa = PBXFileReference; lastKnownFileType = sourcecode.swift; path = Model.swift; sourceTree = "<group>"; };
		475E4378293A2CBC00F903A6 /* ViewModel.swift */ = {isa = PBXFileReference; lastKnownFileType = sourcecode.swift; path = ViewModel.swift; sourceTree = "<group>"; };
		475E437D293A55FB00F903A6 /* HotSalesView.swift */ = {isa = PBXFileReference; lastKnownFileType = sourcecode.swift; path = HotSalesView.swift; sourceTree = "<group>"; };
		475E437F293A77DC00F903A6 /* SelectCategoryView.swift */ = {isa = PBXFileReference; lastKnownFileType = sourcecode.swift; path = SelectCategoryView.swift; sourceTree = "<group>"; };
		475E4381293A781B00F903A6 /* BestSellerView.swift */ = {isa = PBXFileReference; lastKnownFileType = sourcecode.swift; path = BestSellerView.swift; sourceTree = "<group>"; };
		475E4383293A795600F903A6 /* PlateForBestSellerView.swift */ = {isa = PBXFileReference; lastKnownFileType = sourcecode.swift; path = PlateForBestSellerView.swift; sourceTree = "<group>"; };
		475E4387293A9B7800F903A6 /* ProductDetail.swift */ = {isa = PBXFileReference; lastKnownFileType = sourcecode.swift; path = ProductDetail.swift; sourceTree = "<group>"; };
		475E4389293A9E1400F903A6 /* MyCartView.swift */ = {isa = PBXFileReference; lastKnownFileType = sourcecode.swift; path = MyCartView.swift; sourceTree = "<group>"; };
		47742E552941A79800555C1A /* PlateForMyCart.swift */ = {isa = PBXFileReference; lastKnownFileType = sourcecode.swift; path = PlateForMyCart.swift; sourceTree = "<group>"; };
		478737DF29435F5100F74374 /* Mark-Pro.ttf */ = {isa = PBXFileReference; lastKnownFileType = file; path = "Mark-Pro.ttf"; sourceTree = "<group>"; };
		478737E129435F6C00F74374 /* MarkPro-Bold.ttf */ = {isa = PBXFileReference; lastKnownFileType = file; path = "MarkPro-Bold.ttf"; sourceTree = "<group>"; };
		478737E429435FD400F74374 /* MarkPro-Medium.ttf */ = {isa = PBXFileReference; lastKnownFileType = file; path = "MarkPro-Medium.ttf"; sourceTree = "<group>"; };
		478737E629435FDD00F74374 /* MarkPro-Regular.ttf */ = {isa = PBXFileReference; lastKnownFileType = file; path = "MarkPro-Regular.ttf"; sourceTree = "<group>"; };
		478737E8294360CA00F74374 /* Info.plist */ = {isa = PBXFileReference; lastKnownFileType = text.plist.xml; path = Info.plist; sourceTree = "<group>"; };
		478737E9294361A100F74374 /* MarkPro-Heavy.ttf */ = {isa = PBXFileReference; lastKnownFileType = file; path = "MarkPro-Heavy.ttf"; sourceTree = "<group>"; };
		478737EB29436A4D00F74374 /* SFProDisplay-Regular.ttf */ = {isa = PBXFileReference; lastKnownFileType = file; path = "SFProDisplay-Regular.ttf"; sourceTree = "<group>"; };
		478737ED29436A5600F74374 /* SFProDisplay-Bold.ttf */ = {isa = PBXFileReference; lastKnownFileType = file; path = "SFProDisplay-Bold.ttf"; sourceTree = "<group>"; };
		478737EF29439B8300F74374 /* GetImagesForHotSales.swift */ = {isa = PBXFileReference; lastKnownFileType = sourcecode.swift; path = GetImagesForHotSales.swift; sourceTree = "<group>"; };
		47961158293D2CAC0098666A /* AllModelList.swift */ = {isa = PBXFileReference; lastKnownFileType = sourcecode.swift; path = AllModelList.swift; sourceTree = "<group>"; };
		4796D03B2949B67C00A2342C /* ProgressLine.swift */ = {isa = PBXFileReference; lastKnownFileType = sourcecode.swift; path = ProgressLine.swift; sourceTree = "<group>"; };
		47AE547F293E0C56000ECA4B /* GetImagesForProductDetail.swift */ = {isa = PBXFileReference; lastKnownFileType = sourcecode.swift; path = GetImagesForProductDetail.swift; sourceTree = "<group>"; };
		47C8FC1B2948E01C006ED70B /* CacheManager.swift */ = {isa = PBXFileReference; lastKnownFileType = sourcecode.swift; path = CacheManager.swift; sourceTree = "<group>"; };
/* End PBXFileReference section */

/* Begin PBXFrameworksBuildPhase section */
		475E4362293A2C9E00F903A6 /* Frameworks */ = {
			isa = PBXFrameworksBuildPhase;
			buildActionMask = 2147483647;
			files = (
			);
			runOnlyForDeploymentPostprocessing = 0;
		};
/* End PBXFrameworksBuildPhase section */

/* Begin PBXGroup section */
		47232BB92940C04A00030D61 /* ProductDetail */ = {
			isa = PBXGroup;
			children = (
				475E4387293A9B7800F903A6 /* ProductDetail.swift */,
				4703B54D293E257D00B9B0D4 /* AddToCartPlate.swift */,
				47AE547F293E0C56000ECA4B /* GetImagesForProductDetail.swift */,
			);
			path = ProductDetail;
			sourceTree = "<group>";
		};
		47232BBB2940C09900030D61 /* MainView */ = {
			isa = PBXGroup;
			children = (
				4753E8DF293B9D7100F7A79B /* MainView.swift */,
				475E437F293A77DC00F903A6 /* SelectCategoryView.swift */,
				4738643E293D98C900AA773F /* SearchBar.swift */,
				475E437D293A55FB00F903A6 /* HotSalesView.swift */,
				478737EF29439B8300F74374 /* GetImagesForHotSales.swift */,
				475E4381293A781B00F903A6 /* BestSellerView.swift */,
				475E4383293A795600F903A6 /* PlateForBestSellerView.swift */,
			);
			path = MainView;
			sourceTree = "<group>";
		};
		47232BBC2940C0D000030D61 /* FilterView */ = {
			isa = PBXGroup;
			children = (
				4753E8E5293BD2E600F7A79B /* FilterOptions.swift */,
				47961158293D2CAC0098666A /* AllModelList.swift */,
			);
			path = FilterView;
			sourceTree = "<group>";
		};
		475E435C293A2C9E00F903A6 = {
			isa = PBXGroup;
			children = (
				475E4367293A2C9E00F903A6 /* Store */,
				475E4366293A2C9E00F903A6 /* Products */,
			);
			sourceTree = "<group>";
		};
		475E4366293A2C9E00F903A6 /* Products */ = {
			isa = PBXGroup;
			children = (
				475E4365293A2C9E00F903A6 /* Store.app */,
			);
			name = Products;
			sourceTree = "<group>";
		};
		475E4367293A2C9E00F903A6 /* Store */ = {
			isa = PBXGroup;
			children = (
				475E4368293A2C9E00F903A6 /* StoreApp.swift */,
				475E436A293A2C9E00F903A6 /* ContentView.swift */,
				475E437B293A51A600F903A6 /* Model */,
				475E437C293A51AE00F903A6 /* View */,
				475E437A293A519600F903A6 /* ViewModel */,
				478737E329435F7600F74374 /* Fonts */,
				475E436C293A2C9F00F903A6 /* Assets.xcassets */,
				478737E8294360CA00F74374 /* Info.plist */,
				475E436E293A2C9F00F903A6 /* Preview Content */,
			);
			path = Store;
			sourceTree = "<group>";
		};
		475E436E293A2C9F00F903A6 /* Preview Content */ = {
			isa = PBXGroup;
			children = (
				475E436F293A2C9F00F903A6 /* Preview Assets.xcassets */,
			);
			path = "Preview Content";
			sourceTree = "<group>";
		};
		475E437A293A519600F903A6 /* ViewModel */ = {
			isa = PBXGroup;
			children = (
				475E4378293A2CBC00F903A6 /* ViewModel.swift */,
				470170082944B2FB00E29426 /* ProductDetailVM.swift */,
				4701700A2944C8AD00E29426 /* FilterVM.swift */,
				4701700C2944CBFF00E29426 /* MyCartVM.swift */,
			);
			path = ViewModel;
			sourceTree = "<group>";
		};
		475E437B293A51A600F903A6 /* Model */ = {
			isa = PBXGroup;
			children = (
				475E4376293A2CB100F903A6 /* Model.swift */,
				47C8FC1B2948E01C006ED70B /* CacheManager.swift */,
			);
			path = Model;
			sourceTree = "<group>";
		};
		475E437C293A51AE00F903A6 /* View */ = {
			isa = PBXGroup;
			children = (
				4703B54B293E168200B9B0D4 /* Logo.swift */,
				4796D03B2949B67C00A2342C /* ProgressLine.swift */,
				47232BBB2940C09900030D61 /* MainView */,
				47232BB92940C04A00030D61 /* ProductDetail */,
				47232BBC2940C0D000030D61 /* FilterView */,
				47742E542941A61300555C1A /* MyCart */,
				4753E8E1293B9E1700F7A79B /* Favorite.swift */,
				4753E8E3293B9E5A00F7A79B /* Profile.swift */,
			);
			path = View;
			sourceTree = "<group>";
		};
		47742E542941A61300555C1A /* MyCart */ = {
			isa = PBXGroup;
			children = (
				475E4389293A9E1400F903A6 /* MyCartView.swift */,
				47742E552941A79800555C1A /* PlateForMyCart.swift */,
			);
			path = MyCart;
			sourceTree = "<group>";
		};
		478737E329435F7600F74374 /* Fonts */ = {
			isa = PBXGroup;
			children = (
				478737DF29435F5100F74374 /* Mark-Pro.ttf */,
				478737E129435F6C00F74374 /* MarkPro-Bold.ttf */,
				478737E629435FDD00F74374 /* MarkPro-Regular.ttf */,
				478737E429435FD400F74374 /* MarkPro-Medium.ttf */,
				478737E9294361A100F74374 /* MarkPro-Heavy.ttf */,
				478737EB29436A4D00F74374 /* SFProDisplay-Regular.ttf */,
				478737ED29436A5600F74374 /* SFProDisplay-Bold.ttf */,
			);
			path = Fonts;
			sourceTree = "<group>";
		};
/* End PBXGroup section */

/* Begin PBXNativeTarget section */
		475E4364293A2C9E00F903A6 /* Store */ = {
			isa = PBXNativeTarget;
			buildConfigurationList = 475E4373293A2C9F00F903A6 /* Build configuration list for PBXNativeTarget "Store" */;
			buildPhases = (
				475E4361293A2C9E00F903A6 /* Sources */,
				475E4362293A2C9E00F903A6 /* Frameworks */,
				475E4363293A2C9E00F903A6 /* Resources */,
			);
			buildRules = (
			);
			dependencies = (
			);
			name = Store;
			productName = Store;
			productReference = 475E4365293A2C9E00F903A6 /* Store.app */;
			productType = "com.apple.product-type.application";
		};
/* End PBXNativeTarget section */

/* Begin PBXProject section */
		475E435D293A2C9E00F903A6 /* Project object */ = {
			isa = PBXProject;
			attributes = {
				BuildIndependentTargetsInParallel = 1;
				LastSwiftUpdateCheck = 1410;
				LastUpgradeCheck = 1410;
				TargetAttributes = {
					475E4364293A2C9E00F903A6 = {
						CreatedOnToolsVersion = 14.1;
					};
				};
			};
			buildConfigurationList = 475E4360293A2C9E00F903A6 /* Build configuration list for PBXProject "Store" */;
			compatibilityVersion = "Xcode 14.0";
			developmentRegion = en;
			hasScannedForEncodings = 0;
			knownRegions = (
				en,
				Base,
			);
			mainGroup = 475E435C293A2C9E00F903A6;
			productRefGroup = 475E4366293A2C9E00F903A6 /* Products */;
			projectDirPath = "";
			projectRoot = "";
			targets = (
				475E4364293A2C9E00F903A6 /* Store */,
			);
		};
/* End PBXProject section */

/* Begin PBXResourcesBuildPhase section */
		475E4363293A2C9E00F903A6 /* Resources */ = {
			isa = PBXResourcesBuildPhase;
			buildActionMask = 2147483647;
			files = (
				478737E229435F6C00F74374 /* MarkPro-Bold.ttf in Resources */,
				478737EA294361A100F74374 /* MarkPro-Heavy.ttf in Resources */,
				478737E029435F5100F74374 /* Mark-Pro.ttf in Resources */,
				475E4370293A2C9F00F903A6 /* Preview Assets.xcassets in Resources */,
				475E436D293A2C9F00F903A6 /* Assets.xcassets in Resources */,
				478737EE29436A5600F74374 /* SFProDisplay-Bold.ttf in Resources */,
				478737E729435FDD00F74374 /* MarkPro-Regular.ttf in Resources */,
				478737E529435FD400F74374 /* MarkPro-Medium.ttf in Resources */,
				478737EC29436A4E00F74374 /* SFProDisplay-Regular.ttf in Resources */,
			);
			runOnlyForDeploymentPostprocessing = 0;
		};
/* End PBXResourcesBuildPhase section */

/* Begin PBXSourcesBuildPhase section */
		475E4361293A2C9E00F903A6 /* Sources */ = {
			isa = PBXSourcesBuildPhase;
			buildActionMask = 2147483647;
			files = (
				475E4377293A2CB100F903A6 /* Model.swift in Sources */,
				4703B54C293E168200B9B0D4 /* Logo.swift in Sources */,
				4753E8E2293B9E1700F7A79B /* Favorite.swift in Sources */,
				47961159293D2CAC0098666A /* AllModelList.swift in Sources */,
				4753E8E4293B9E5A00F7A79B /* Profile.swift in Sources */,
				475E4380293A77DC00F903A6 /* SelectCategoryView.swift in Sources */,
				4796D03C2949B67C00A2342C /* ProgressLine.swift in Sources */,
				475E437E293A55FB00F903A6 /* HotSalesView.swift in Sources */,
				475E436B293A2C9E00F903A6 /* ContentView.swift in Sources */,
				475E4384293A795600F903A6 /* PlateForBestSellerView.swift in Sources */,
				4753E8E0293B9D7100F7A79B /* MainView.swift in Sources */,
				47742E562941A79800555C1A /* PlateForMyCart.swift in Sources */,
				47C8FC1C2948E01C006ED70B /* CacheManager.swift in Sources */,
				4753E8E6293BD2E600F7A79B /* FilterOptions.swift in Sources */,
				4701700B2944C8AD00E29426 /* FilterVM.swift in Sources */,
				470170092944B2FB00E29426 /* ProductDetailVM.swift in Sources */,
				475E4388293A9B7800F903A6 /* ProductDetail.swift in Sources */,
				475E4379293A2CBC00F903A6 /* ViewModel.swift in Sources */,
				478737F029439B8300F74374 /* GetImagesForHotSales.swift in Sources */,
				4701700D2944CBFF00E29426 /* MyCartVM.swift in Sources */,
				475E4369293A2C9E00F903A6 /* StoreApp.swift in Sources */,
				475E438A293A9E1400F903A6 /* MyCartView.swift in Sources */,
				4738643F293D98C900AA773F /* SearchBar.swift in Sources */,
				475E4382293A781B00F903A6 /* BestSellerView.swift in Sources */,
				47AE5480293E0C56000ECA4B /* GetImagesForProductDetail.swift in Sources */,
				4703B54E293E257D00B9B0D4 /* AddToCartPlate.swift in Sources */,
			);
			runOnlyForDeploymentPostprocessing = 0;
		};
/* End PBXSourcesBuildPhase section */

/* Begin XCBuildConfiguration section */
		475E4371293A2C9F00F903A6 /* Debug */ = {
			isa = XCBuildConfiguration;
			buildSettings = {
				ALWAYS_SEARCH_USER_PATHS = NO;
				CLANG_ANALYZER_NONNULL = YES;
				CLANG_ANALYZER_NUMBER_OBJECT_CONVERSION = YES_AGGRESSIVE;
				CLANG_CXX_LANGUAGE_STANDARD = "gnu++20";
				CLANG_ENABLE_MODULES = YES;
				CLANG_ENABLE_OBJC_ARC = YES;
				CLANG_ENABLE_OBJC_WEAK = YES;
				CLANG_WARN_BLOCK_CAPTURE_AUTORELEASING = YES;
				CLANG_WARN_BOOL_CONVERSION = YES;
				CLANG_WARN_COMMA = YES;
				CLANG_WARN_CONSTANT_CONVERSION = YES;
				CLANG_WARN_DEPRECATED_OBJC_IMPLEMENTATIONS = YES;
				CLANG_WARN_DIRECT_OBJC_ISA_USAGE = YES_ERROR;
				CLANG_WARN_DOCUMENTATION_COMMENTS = YES;
				CLANG_WARN_EMPTY_BODY = YES;
				CLANG_WARN_ENUM_CONVERSION = YES;
				CLANG_WARN_INFINITE_RECURSION = YES;
				CLANG_WARN_INT_CONVERSION = YES;
				CLANG_WARN_NON_LITERAL_NULL_CONVERSION = YES;
				CLANG_WARN_OBJC_IMPLICIT_RETAIN_SELF = YES;
				CLANG_WARN_OBJC_LITERAL_CONVERSION = YES;
				CLANG_WARN_OBJC_ROOT_CLASS = YES_ERROR;
				CLANG_WARN_QUOTED_INCLUDE_IN_FRAMEWORK_HEADER = YES;
				CLANG_WARN_RANGE_LOOP_ANALYSIS = YES;
				CLANG_WARN_STRICT_PROTOTYPES = YES;
				CLANG_WARN_SUSPICIOUS_MOVE = YES;
				CLANG_WARN_UNGUARDED_AVAILABILITY = YES_AGGRESSIVE;
				CLANG_WARN_UNREACHABLE_CODE = YES;
				CLANG_WARN__DUPLICATE_METHOD_MATCH = YES;
				COPY_PHASE_STRIP = NO;
				DEBUG_INFORMATION_FORMAT = dwarf;
				ENABLE_STRICT_OBJC_MSGSEND = YES;
				ENABLE_TESTABILITY = YES;
				GCC_C_LANGUAGE_STANDARD = gnu11;
				GCC_DYNAMIC_NO_PIC = NO;
				GCC_NO_COMMON_BLOCKS = YES;
				GCC_OPTIMIZATION_LEVEL = 0;
				GCC_PREPROCESSOR_DEFINITIONS = (
					"DEBUG=1",
					"$(inherited)",
				);
				GCC_WARN_64_TO_32_BIT_CONVERSION = YES;
				GCC_WARN_ABOUT_RETURN_TYPE = YES_ERROR;
				GCC_WARN_UNDECLARED_SELECTOR = YES;
				GCC_WARN_UNINITIALIZED_AUTOS = YES_AGGRESSIVE;
				GCC_WARN_UNUSED_FUNCTION = YES;
				GCC_WARN_UNUSED_VARIABLE = YES;
				IPHONEOS_DEPLOYMENT_TARGET = 16.1;
				MTL_ENABLE_DEBUG_INFO = INCLUDE_SOURCE;
				MTL_FAST_MATH = YES;
				ONLY_ACTIVE_ARCH = YES;
				SDKROOT = iphoneos;
				SWIFT_ACTIVE_COMPILATION_CONDITIONS = DEBUG;
				SWIFT_OPTIMIZATION_LEVEL = "-Onone";
			};
			name = Debug;
		};
		475E4372293A2C9F00F903A6 /* Release */ = {
			isa = XCBuildConfiguration;
			buildSettings = {
				ALWAYS_SEARCH_USER_PATHS = NO;
				CLANG_ANALYZER_NONNULL = YES;
				CLANG_ANALYZER_NUMBER_OBJECT_CONVERSION = YES_AGGRESSIVE;
				CLANG_CXX_LANGUAGE_STANDARD = "gnu++20";
				CLANG_ENABLE_MODULES = YES;
				CLANG_ENABLE_OBJC_ARC = YES;
				CLANG_ENABLE_OBJC_WEAK = YES;
				CLANG_WARN_BLOCK_CAPTURE_AUTORELEASING = YES;
				CLANG_WARN_BOOL_CONVERSION = YES;
				CLANG_WARN_COMMA = YES;
				CLANG_WARN_CONSTANT_CONVERSION = YES;
				CLANG_WARN_DEPRECATED_OBJC_IMPLEMENTATIONS = YES;
				CLANG_WARN_DIRECT_OBJC_ISA_USAGE = YES_ERROR;
				CLANG_WARN_DOCUMENTATION_COMMENTS = YES;
				CLANG_WARN_EMPTY_BODY = YES;
				CLANG_WARN_ENUM_CONVERSION = YES;
				CLANG_WARN_INFINITE_RECURSION = YES;
				CLANG_WARN_INT_CONVERSION = YES;
				CLANG_WARN_NON_LITERAL_NULL_CONVERSION = YES;
				CLANG_WARN_OBJC_IMPLICIT_RETAIN_SELF = YES;
				CLANG_WARN_OBJC_LITERAL_CONVERSION = YES;
				CLANG_WARN_OBJC_ROOT_CLASS = YES_ERROR;
				CLANG_WARN_QUOTED_INCLUDE_IN_FRAMEWORK_HEADER = YES;
				CLANG_WARN_RANGE_LOOP_ANALYSIS = YES;
				CLANG_WARN_STRICT_PROTOTYPES = YES;
				CLANG_WARN_SUSPICIOUS_MOVE = YES;
				CLANG_WARN_UNGUARDED_AVAILABILITY = YES_AGGRESSIVE;
				CLANG_WARN_UNREACHABLE_CODE = YES;
				CLANG_WARN__DUPLICATE_METHOD_MATCH = YES;
				COPY_PHASE_STRIP = NO;
				DEBUG_INFORMATION_FORMAT = "dwarf-with-dsym";
				ENABLE_NS_ASSERTIONS = NO;
				ENABLE_STRICT_OBJC_MSGSEND = YES;
				GCC_C_LANGUAGE_STANDARD = gnu11;
				GCC_NO_COMMON_BLOCKS = YES;
				GCC_WARN_64_TO_32_BIT_CONVERSION = YES;
				GCC_WARN_ABOUT_RETURN_TYPE = YES_ERROR;
				GCC_WARN_UNDECLARED_SELECTOR = YES;
				GCC_WARN_UNINITIALIZED_AUTOS = YES_AGGRESSIVE;
				GCC_WARN_UNUSED_FUNCTION = YES;
				GCC_WARN_UNUSED_VARIABLE = YES;
				IPHONEOS_DEPLOYMENT_TARGET = 16.1;
				MTL_ENABLE_DEBUG_INFO = NO;
				MTL_FAST_MATH = YES;
				SDKROOT = iphoneos;
				SWIFT_COMPILATION_MODE = wholemodule;
				SWIFT_OPTIMIZATION_LEVEL = "-O";
				VALIDATE_PRODUCT = YES;
			};
			name = Release;
		};
		475E4374293A2C9F00F903A6 /* Debug */ = {
			isa = XCBuildConfiguration;
			buildSettings = {
				ASSETCATALOG_COMPILER_APPICON_NAME = AppIcon;
				ASSETCATALOG_COMPILER_GLOBAL_ACCENT_COLOR_NAME = AccentColor;
				CODE_SIGN_STYLE = Automatic;
				CURRENT_PROJECT_VERSION = 1;
				DEVELOPMENT_ASSET_PATHS = "\"Store/Preview Content\"";
				DEVELOPMENT_TEAM = X3747VF6P2;
				ENABLE_PREVIEWS = YES;
				GENERATE_INFOPLIST_FILE = YES;
				INFOPLIST_FILE = Store/Info.plist;
				INFOPLIST_KEY_UIApplicationSceneManifest_Generation = YES;
				INFOPLIST_KEY_UIApplicationSupportsIndirectInputEvents = YES;
				INFOPLIST_KEY_UILaunchScreen_Generation = YES;
				INFOPLIST_KEY_UISupportedInterfaceOrientations_iPad = "UIInterfaceOrientationPortrait UIInterfaceOrientationPortraitUpsideDown UIInterfaceOrientationLandscapeLeft UIInterfaceOrientationLandscapeRight";
				INFOPLIST_KEY_UISupportedInterfaceOrientations_iPhone = "UIInterfaceOrientationPortrait UIInterfaceOrientationLandscapeLeft UIInterfaceOrientationLandscapeRight";
				LD_RUNPATH_SEARCH_PATHS = (
					"$(inherited)",
					"@executable_path/Frameworks",
				);
				MARKETING_VERSION = 1.0;
				PRODUCT_BUNDLE_IDENTIFIER = BGDV.Store;
				PRODUCT_NAME = "$(TARGET_NAME)";
				SWIFT_EMIT_LOC_STRINGS = YES;
				SWIFT_VERSION = 5.0;
				TARGETED_DEVICE_FAMILY = "1,2";
			};
			name = Debug;
		};
		475E4375293A2C9F00F903A6 /* Release */ = {
			isa = XCBuildConfiguration;
			buildSettings = {
				ASSETCATALOG_COMPILER_APPICON_NAME = AppIcon;
				ASSETCATALOG_COMPILER_GLOBAL_ACCENT_COLOR_NAME = AccentColor;
				CODE_SIGN_STYLE = Automatic;
				CURRENT_PROJECT_VERSION = 1;
				DEVELOPMENT_ASSET_PATHS = "\"Store/Preview Content\"";
				DEVELOPMENT_TEAM = X3747VF6P2;
				ENABLE_PREVIEWS = YES;
				GENERATE_INFOPLIST_FILE = YES;
				INFOPLIST_FILE = Store/Info.plist;
				INFOPLIST_KEY_UIApplicationSceneManifest_Generation = YES;
				INFOPLIST_KEY_UIApplicationSupportsIndirectInputEvents = YES;
				INFOPLIST_KEY_UILaunchScreen_Generation = YES;
				INFOPLIST_KEY_UISupportedInterfaceOrientations_iPad = "UIInterfaceOrientationPortrait UIInterfaceOrientationPortraitUpsideDown UIInterfaceOrientationLandscapeLeft UIInterfaceOrientationLandscapeRight";
				INFOPLIST_KEY_UISupportedInterfaceOrientations_iPhone = "UIInterfaceOrientationPortrait UIInterfaceOrientationLandscapeLeft UIInterfaceOrientationLandscapeRight";
				LD_RUNPATH_SEARCH_PATHS = (
					"$(inherited)",
					"@executable_path/Frameworks",
				);
				MARKETING_VERSION = 1.0;
				PRODUCT_BUNDLE_IDENTIFIER = BGDV.Store;
				PRODUCT_NAME = "$(TARGET_NAME)";
				SWIFT_EMIT_LOC_STRINGS = YES;
				SWIFT_VERSION = 5.0;
				TARGETED_DEVICE_FAMILY = "1,2";
			};
			name = Release;
		};
/* End XCBuildConfiguration section */

/* Begin XCConfigurationList section */
		475E4360293A2C9E00F903A6 /* Build configuration list for PBXProject "Store" */ = {
			isa = XCConfigurationList;
			buildConfigurations = (
				475E4371293A2C9F00F903A6 /* Debug */,
				475E4372293A2C9F00F903A6 /* Release */,
			);
			defaultConfigurationIsVisible = 0;
			defaultConfigurationName = Release;
		};
		475E4373293A2C9F00F903A6 /* Build configuration list for PBXNativeTarget "Store" */ = {
			isa = XCConfigurationList;
			buildConfigurations = (
				475E4374293A2C9F00F903A6 /* Debug */,
				475E4375293A2C9F00F903A6 /* Release */,
			);
			defaultConfigurationIsVisible = 0;
			defaultConfigurationName = Release;
		};
/* End XCConfigurationList section */
	};
	rootObject = 475E435D293A2C9E00F903A6 /* Project object */;
}
